
Microsoft Visual Studio Solution File, Format Version 12.00
# Visual Studio Version 16
VisualStudioVersion = 16.0.29411.108
MinimumVisualStudioVersion = 10.0.40219.1
Project("{FAE04EC0-301F-11D3-BF4B-00C04F79EFBC}") = "OnlineShop_AspNetCore_ReactJS", "OnlineShop_AspNetCore_ReactJS\OnlineShop_AspNetCore_ReactJS.csproj", "{8F97B5CF-9882-4C90-9AC0-85C4AE2A28B7}"
EndProject
Global
	GlobalSection(SolutionConfigurationPlatforms) = preSolution
		Debug|Any CPU = Debug|Any CPU
		Release|Any CPU = Release|Any CPU
	EndGlobalSection
	GlobalSection(ProjectConfigurationPlatforms) = postSolution
		{8F97B5CF-9882-4C90-9AC0-85C4AE2A28B7}.Debug|Any CPU.ActiveCfg = Debug|Any CPU
		{8F97B5CF-9882-4C90-9AC0-85C4AE2A28B7}.Debug|Any CPU.Build.0 = Debug|Any CPU
		{8F97B5CF-9882-4C90-9AC0-85C4AE2A28B7}.Release|Any CPU.ActiveCfg = Release|Any CPU
		{8F97B5CF-9882-4C90-9AC0-85C4AE2A28B7}.Release|Any CPU.Build.0 = Release|Any CPU
	EndGlobalSection
	GlobalSection(SolutionProperties) = preSolution
		HideSolutionNode = FALSE
	EndGlobalSection
	GlobalSection(ExtensibilityGlobals) = postSolution
		SolutionGuid = {0E5F5573-AA7F-4CA8-AEA3-C74C972A75E9}
	EndGlobalSection
EndGlobal
