
Microsoft Visual Studio Solution File, Format Version 12.00
# Visual Studio Version 16
VisualStudioVersion = 16.0.29411.108
MinimumVisualStudioVersion = 10.0.40219.1
Project("{9A19103F-16F7-4668-BE54-9A1E7A4F7556}") = "OnlineShop_AspNetCore_ReactJS", "OnlineShop_AspNetCore_ReactJS\OnlineShop_AspNetCore_ReactJS.csproj", "{8F97B5CF-9882-4C90-9AC0-85C4AE2A28B7}"
EndProject
Project("{9A19103F-16F7-4668-BE54-9A1E7A4F7556}") = "OnlineShop_AspNetCore_ReactJS.Tests", "OnlineShop_AspNetCore_ReactJS.Tests\OnlineShop_AspNetCore_ReactJS.Tests.csproj", "{1DA47DB9-5186-47BF-B9F2-7881273BABC9}"
EndProject
Project("{2150E333-8FDC-42A3-9474-1A3956D46DE8}") = "Solution Items", "Solution Items", "{B8234B05-6C5C-4DCB-B3DD-689EECC027AE}"
	ProjectSection(SolutionItems) = preProject
		azure-pipelines.yml = azure-pipelines.yml
		cloudbuild.yaml = cloudbuild.yaml
	EndProjectSection
EndProject
Global
	GlobalSection(SolutionConfigurationPlatforms) = preSolution
		Debug|Any CPU = Debug|Any CPU
		Release|Any CPU = Release|Any CPU
	EndGlobalSection
	GlobalSection(ProjectConfigurationPlatforms) = postSolution
		{8F97B5CF-9882-4C90-9AC0-85C4AE2A28B7}.Debug|Any CPU.ActiveCfg = Debug|Any CPU
		{8F97B5CF-9882-4C90-9AC0-85C4AE2A28B7}.Debug|Any CPU.Build.0 = Debug|Any CPU
		{8F97B5CF-9882-4C90-9AC0-85C4AE2A28B7}.Release|Any CPU.ActiveCfg = Release|Any CPU
		{8F97B5CF-9882-4C90-9AC0-85C4AE2A28B7}.Release|Any CPU.Build.0 = Release|Any CPU
		{1DA47DB9-5186-47BF-B9F2-7881273BABC9}.Debug|Any CPU.ActiveCfg = Debug|Any CPU
		{1DA47DB9-5186-47BF-B9F2-7881273BABC9}.Debug|Any CPU.Build.0 = Debug|Any CPU
		{1DA47DB9-5186-47BF-B9F2-7881273BABC9}.Release|Any CPU.ActiveCfg = Release|Any CPU
		{1DA47DB9-5186-47BF-B9F2-7881273BABC9}.Release|Any CPU.Build.0 = Release|Any CPU
	EndGlobalSection
	GlobalSection(SolutionProperties) = preSolution
		HideSolutionNode = FALSE
	EndGlobalSection
	GlobalSection(ExtensibilityGlobals) = postSolution
		SolutionGuid = {0E5F5573-AA7F-4CA8-AEA3-C74C972A75E9}
	EndGlobalSection
EndGlobal
